// !$*UTF8*$!
{
	archiveVersion = 1;
	classes = {
	};
	objectVersion = 56;
	objects = {

/* Begin PBXBuildFile section */
		1AD1C40D2C21A724008C42D2 /* DripMotionClassifier.mlmodel in Sources */ = {isa = PBXBuildFile; fileRef = 1AD1C40C2C21A724008C42D2 /* DripMotionClassifier.mlmodel */; };
		1AD1C40E2C21A9EF008C42D2 /* DripMotionClassifier.mlmodel in Sources */ = {isa = PBXBuildFile; fileRef = 1AD1C40C2C21A724008C42D2 /* DripMotionClassifier.mlmodel */; };
		616C2F302C1DA5C100F63BBA /* _024_NC2_A10_CoreMotionApp.swift in Sources */ = {isa = PBXBuildFile; fileRef = 616C2F2F2C1DA5C100F63BBA /* _024_NC2_A10_CoreMotionApp.swift */; };
		616C2F322C1DA5C100F63BBA /* ContentView.swift in Sources */ = {isa = PBXBuildFile; fileRef = 616C2F312C1DA5C100F63BBA /* ContentView.swift */; };
		616C2F342C1DA5C200F63BBA /* Assets.xcassets in Resources */ = {isa = PBXBuildFile; fileRef = 616C2F332C1DA5C200F63BBA /* Assets.xcassets */; };
		616C2F372C1DA5C200F63BBA /* Preview Assets.xcassets in Resources */ = {isa = PBXBuildFile; fileRef = 616C2F362C1DA5C200F63BBA /* Preview Assets.xcassets */; };
		616C2F3D2C1DA5C200F63BBA /* 2024-NC2-A10-CoreMotion Watch App.app in Embed Watch Content */ = {isa = PBXBuildFile; fileRef = 616C2F3C2C1DA5C200F63BBA /* 2024-NC2-A10-CoreMotion Watch App.app */; settings = {ATTRIBUTES = (RemoveHeadersOnCopy, ); }; };
		616C2F422C1DA5C200F63BBA /* _024_NC2_A10_CoreMotionApp.swift in Sources */ = {isa = PBXBuildFile; fileRef = 616C2F412C1DA5C200F63BBA /* _024_NC2_A10_CoreMotionApp.swift */; };
		616C2F442C1DA5C200F63BBA /* ContentView.swift in Sources */ = {isa = PBXBuildFile; fileRef = 616C2F432C1DA5C200F63BBA /* ContentView.swift */; };
		616C2F462C1DA5C300F63BBA /* Assets.xcassets in Resources */ = {isa = PBXBuildFile; fileRef = 616C2F452C1DA5C300F63BBA /* Assets.xcassets */; };
		616C2F492C1DA5C300F63BBA /* Preview Assets.xcassets in Resources */ = {isa = PBXBuildFile; fileRef = 616C2F482C1DA5C300F63BBA /* Preview Assets.xcassets */; };
		61C749102C1EF65B00E2EEC9 /* WatchConnector.swift in Sources */ = {isa = PBXBuildFile; fileRef = 61C7490F2C1EF65B00E2EEC9 /* WatchConnector.swift */; };
		61C749132C1EF6A100E2EEC9 /* WatchConnectivity.framework in Frameworks */ = {isa = PBXBuildFile; fileRef = 61C749122C1EF6A100E2EEC9 /* WatchConnectivity.framework */; };
		61C749152C1EF77800E2EEC9 /* WatchToiOSConnector.swift in Sources */ = {isa = PBXBuildFile; fileRef = 61C749142C1EF77800E2EEC9 /* WatchToiOSConnector.swift */; };
/* End PBXBuildFile section */

/* Begin PBXContainerItemProxy section */
		616C2F3E2C1DA5C200F63BBA /* PBXContainerItemProxy */ = {
			isa = PBXContainerItemProxy;
			containerPortal = 616C2F242C1DA5C100F63BBA /* Project object */;
			proxyType = 1;
			remoteGlobalIDString = 616C2F3B2C1DA5C200F63BBA;
			remoteInfo = "2024-NC2-A10-CoreMotion Watch App";
		};
/* End PBXContainerItemProxy section */

/* Begin PBXCopyFilesBuildPhase section */
		616C2F4F2C1DA5C300F63BBA /* Embed Watch Content */ = {
			isa = PBXCopyFilesBuildPhase;
			buildActionMask = 2147483647;
			dstPath = "$(CONTENTS_FOLDER_PATH)/Watch";
			dstSubfolderSpec = 16;
			files = (
				616C2F3D2C1DA5C200F63BBA /* 2024-NC2-A10-CoreMotion Watch App.app in Embed Watch Content */,
			);
			name = "Embed Watch Content";
			runOnlyForDeploymentPostprocessing = 0;
		};
/* End PBXCopyFilesBuildPhase section */

/* Begin PBXFileReference section */
		1AD1C40C2C21A724008C42D2 /* DripMotionClassifier.mlmodel */ = {isa = PBXFileReference; lastKnownFileType = file.mlmodel; path = DripMotionClassifier.mlmodel; sourceTree = "<group>"; };
		616C2F2C2C1DA5C100F63BBA /* 2024-NC2-A10-CoreMotion.app */ = {isa = PBXFileReference; explicitFileType = wrapper.application; includeInIndex = 0; path = "2024-NC2-A10-CoreMotion.app"; sourceTree = BUILT_PRODUCTS_DIR; };
		616C2F2F2C1DA5C100F63BBA /* _024_NC2_A10_CoreMotionApp.swift */ = {isa = PBXFileReference; lastKnownFileType = sourcecode.swift; path = _024_NC2_A10_CoreMotionApp.swift; sourceTree = "<group>"; };
		616C2F312C1DA5C100F63BBA /* ContentView.swift */ = {isa = PBXFileReference; lastKnownFileType = sourcecode.swift; path = ContentView.swift; sourceTree = "<group>"; };
		616C2F332C1DA5C200F63BBA /* Assets.xcassets */ = {isa = PBXFileReference; lastKnownFileType = folder.assetcatalog; path = Assets.xcassets; sourceTree = "<group>"; };
		616C2F362C1DA5C200F63BBA /* Preview Assets.xcassets */ = {isa = PBXFileReference; lastKnownFileType = folder.assetcatalog; path = "Preview Assets.xcassets"; sourceTree = "<group>"; };
		616C2F3C2C1DA5C200F63BBA /* 2024-NC2-A10-CoreMotion Watch App.app */ = {isa = PBXFileReference; explicitFileType = wrapper.application; includeInIndex = 0; path = "2024-NC2-A10-CoreMotion Watch App.app"; sourceTree = BUILT_PRODUCTS_DIR; };
		616C2F412C1DA5C200F63BBA /* _024_NC2_A10_CoreMotionApp.swift */ = {isa = PBXFileReference; lastKnownFileType = sourcecode.swift; path = _024_NC2_A10_CoreMotionApp.swift; sourceTree = "<group>"; };
		616C2F432C1DA5C200F63BBA /* ContentView.swift */ = {isa = PBXFileReference; lastKnownFileType = sourcecode.swift; path = ContentView.swift; sourceTree = "<group>"; };
		616C2F452C1DA5C300F63BBA /* Assets.xcassets */ = {isa = PBXFileReference; lastKnownFileType = folder.assetcatalog; path = Assets.xcassets; sourceTree = "<group>"; };
		616C2F482C1DA5C300F63BBA /* Preview Assets.xcassets */ = {isa = PBXFileReference; lastKnownFileType = folder.assetcatalog; path = "Preview Assets.xcassets"; sourceTree = "<group>"; };
		61C7490F2C1EF65B00E2EEC9 /* WatchConnector.swift */ = {isa = PBXFileReference; lastKnownFileType = sourcecode.swift; path = WatchConnector.swift; sourceTree = "<group>"; };
		61C749122C1EF6A100E2EEC9 /* WatchConnectivity.framework */ = {isa = PBXFileReference; lastKnownFileType = wrapper.framework; name = WatchConnectivity.framework; path = Platforms/iPhoneOS.platform/Developer/SDKs/iPhoneOS17.5.sdk/System/Library/Frameworks/WatchConnectivity.framework; sourceTree = DEVELOPER_DIR; };
		61C749142C1EF77800E2EEC9 /* WatchToiOSConnector.swift */ = {isa = PBXFileReference; lastKnownFileType = sourcecode.swift; path = WatchToiOSConnector.swift; sourceTree = "<group>"; };
/* End PBXFileReference section */

/* Begin PBXFrameworksBuildPhase section */
		616C2F292C1DA5C100F63BBA /* Frameworks */ = {
			isa = PBXFrameworksBuildPhase;
			buildActionMask = 2147483647;
			files = (
				61C749132C1EF6A100E2EEC9 /* WatchConnectivity.framework in Frameworks */,
			);
			runOnlyForDeploymentPostprocessing = 0;
		};
		616C2F392C1DA5C200F63BBA /* Frameworks */ = {
			isa = PBXFrameworksBuildPhase;
			buildActionMask = 2147483647;
			files = (
			);
			runOnlyForDeploymentPostprocessing = 0;
		};
/* End PBXFrameworksBuildPhase section */

/* Begin PBXGroup section */
		1AD1C40B2C21A698008C42D2 /* Models */ = {
			isa = PBXGroup;
			children = (
				1AD1C40C2C21A724008C42D2 /* DripMotionClassifier.mlmodel */,
			);
			path = Models;
			sourceTree = "<group>";
		};
		616C2F232C1DA5C100F63BBA = {
			isa = PBXGroup;
			children = (
				616C2F2E2C1DA5C100F63BBA /* 2024-NC2-A10-CoreMotion */,
				616C2F402C1DA5C200F63BBA /* 2024-NC2-A10-CoreMotion Watch App */,
				616C2F2D2C1DA5C100F63BBA /* Products */,
				1AD1C40B2C21A698008C42D2 /* Models */,
				61C749112C1EF6A100E2EEC9 /* Frameworks */,
			);
			sourceTree = "<group>";
		};
		616C2F2D2C1DA5C100F63BBA /* Products */ = {
			isa = PBXGroup;
			children = (
				616C2F2C2C1DA5C100F63BBA /* 2024-NC2-A10-CoreMotion.app */,
				616C2F3C2C1DA5C200F63BBA /* 2024-NC2-A10-CoreMotion Watch App.app */,
			);
			name = Products;
			sourceTree = "<group>";
		};
		616C2F2E2C1DA5C100F63BBA /* 2024-NC2-A10-CoreMotion */ = {
			isa = PBXGroup;
			children = (
				616C2F2F2C1DA5C100F63BBA /* _024_NC2_A10_CoreMotionApp.swift */,
				616C2F312C1DA5C100F63BBA /* ContentView.swift */,
				61C7490F2C1EF65B00E2EEC9 /* WatchConnector.swift */,
				616C2F332C1DA5C200F63BBA /* Assets.xcassets */,
				616C2F352C1DA5C200F63BBA /* Preview Content */,
			);
			path = "2024-NC2-A10-CoreMotion";
			sourceTree = "<group>";
		};
		616C2F352C1DA5C200F63BBA /* Preview Content */ = {
			isa = PBXGroup;
			children = (
				616C2F362C1DA5C200F63BBA /* Preview Assets.xcassets */,
			);
			path = "Preview Content";
			sourceTree = "<group>";
		};
		616C2F402C1DA5C200F63BBA /* 2024-NC2-A10-CoreMotion Watch App */ = {
			isa = PBXGroup;
			children = (
				616C2F432C1DA5C200F63BBA /* ContentView.swift */,
				616C2F412C1DA5C200F63BBA /* _024_NC2_A10_CoreMotionApp.swift */,
				616C2F452C1DA5C300F63BBA /* Assets.xcassets */,
				616C2F472C1DA5C300F63BBA /* Preview Content */,
				61C749142C1EF77800E2EEC9 /* WatchToiOSConnector.swift */,
			);
			path = "2024-NC2-A10-CoreMotion Watch App";
			sourceTree = "<group>";
		};
		616C2F472C1DA5C300F63BBA /* Preview Content */ = {
			isa = PBXGroup;
			children = (
				616C2F482C1DA5C300F63BBA /* Preview Assets.xcassets */,
			);
			path = "Preview Content";
			sourceTree = "<group>";
		};
		61C749112C1EF6A100E2EEC9 /* Frameworks */ = {
			isa = PBXGroup;
			children = (
				61C749122C1EF6A100E2EEC9 /* WatchConnectivity.framework */,
			);
			name = Frameworks;
			sourceTree = "<group>";
		};
/* End PBXGroup section */

/* Begin PBXNativeTarget section */
		616C2F2B2C1DA5C100F63BBA /* 2024-NC2-A10-CoreMotion */ = {
			isa = PBXNativeTarget;
			buildConfigurationList = 616C2F502C1DA5C300F63BBA /* Build configuration list for PBXNativeTarget "2024-NC2-A10-CoreMotion" */;
			buildPhases = (
				616C2F282C1DA5C100F63BBA /* Sources */,
				616C2F292C1DA5C100F63BBA /* Frameworks */,
				616C2F2A2C1DA5C100F63BBA /* Resources */,
				616C2F4F2C1DA5C300F63BBA /* Embed Watch Content */,
			);
			buildRules = (
			);
			dependencies = (
				616C2F3F2C1DA5C200F63BBA /* PBXTargetDependency */,
			);
			name = "2024-NC2-A10-CoreMotion";
			productName = "2024-NC2-A10-CoreMotion";
			productReference = 616C2F2C2C1DA5C100F63BBA /* 2024-NC2-A10-CoreMotion.app */;
			productType = "com.apple.product-type.application";
		};
		616C2F3B2C1DA5C200F63BBA /* 2024-NC2-A10-CoreMotion Watch App */ = {
			isa = PBXNativeTarget;
			buildConfigurationList = 616C2F4C2C1DA5C300F63BBA /* Build configuration list for PBXNativeTarget "2024-NC2-A10-CoreMotion Watch App" */;
			buildPhases = (
				616C2F382C1DA5C200F63BBA /* Sources */,
				616C2F392C1DA5C200F63BBA /* Frameworks */,
				616C2F3A2C1DA5C200F63BBA /* Resources */,
			);
			buildRules = (
			);
			dependencies = (
			);
			name = "2024-NC2-A10-CoreMotion Watch App";
			productName = "2024-NC2-A10-CoreMotion Watch App";
			productReference = 616C2F3C2C1DA5C200F63BBA /* 2024-NC2-A10-CoreMotion Watch App.app */;
			productType = "com.apple.product-type.application";
		};
/* End PBXNativeTarget section */

/* Begin PBXProject section */
		616C2F242C1DA5C100F63BBA /* Project object */ = {
			isa = PBXProject;
			attributes = {
				BuildIndependentTargetsInParallel = 1;
				LastSwiftUpdateCheck = 1540;
				LastUpgradeCheck = 1540;
				TargetAttributes = {
					616C2F2B2C1DA5C100F63BBA = {
						CreatedOnToolsVersion = 15.4;
					};
					616C2F3B2C1DA5C200F63BBA = {
						CreatedOnToolsVersion = 15.4;
					};
				};
			};
			buildConfigurationList = 616C2F272C1DA5C100F63BBA /* Build configuration list for PBXProject "2024-NC2-A10-CoreMotion" */;
			compatibilityVersion = "Xcode 14.0";
			developmentRegion = en;
			hasScannedForEncodings = 0;
			knownRegions = (
				en,
				Base,
			);
			mainGroup = 616C2F232C1DA5C100F63BBA;
			productRefGroup = 616C2F2D2C1DA5C100F63BBA /* Products */;
			projectDirPath = "";
			projectRoot = "";
			targets = (
				616C2F2B2C1DA5C100F63BBA /* 2024-NC2-A10-CoreMotion */,
				616C2F3B2C1DA5C200F63BBA /* 2024-NC2-A10-CoreMotion Watch App */,
			);
		};
/* End PBXProject section */

/* Begin PBXResourcesBuildPhase section */
		616C2F2A2C1DA5C100F63BBA /* Resources */ = {
			isa = PBXResourcesBuildPhase;
			buildActionMask = 2147483647;
			files = (
				616C2F372C1DA5C200F63BBA /* Preview Assets.xcassets in Resources */,
				616C2F342C1DA5C200F63BBA /* Assets.xcassets in Resources */,
			);
			runOnlyForDeploymentPostprocessing = 0;
		};
		616C2F3A2C1DA5C200F63BBA /* Resources */ = {
			isa = PBXResourcesBuildPhase;
			buildActionMask = 2147483647;
			files = (
				616C2F492C1DA5C300F63BBA /* Preview Assets.xcassets in Resources */,
				616C2F462C1DA5C300F63BBA /* Assets.xcassets in Resources */,
			);
			runOnlyForDeploymentPostprocessing = 0;
		};
/* End PBXResourcesBuildPhase section */

/* Begin PBXSourcesBuildPhase section */
		616C2F282C1DA5C100F63BBA /* Sources */ = {
			isa = PBXSourcesBuildPhase;
			buildActionMask = 2147483647;
			files = (
				616C2F322C1DA5C100F63BBA /* ContentView.swift in Sources */,
				61C749102C1EF65B00E2EEC9 /* WatchConnector.swift in Sources */,
				1AD1C40D2C21A724008C42D2 /* DripMotionClassifier.mlmodel in Sources */,
				616C2F302C1DA5C100F63BBA /* _024_NC2_A10_CoreMotionApp.swift in Sources */,
			);
			runOnlyForDeploymentPostprocessing = 0;
		};
		616C2F382C1DA5C200F63BBA /* Sources */ = {
			isa = PBXSourcesBuildPhase;
			buildActionMask = 2147483647;
			files = (
				616C2F442C1DA5C200F63BBA /* ContentView.swift in Sources */,
				61C749152C1EF77800E2EEC9 /* WatchToiOSConnector.swift in Sources */,
				1AD1C40E2C21A9EF008C42D2 /* DripMotionClassifier.mlmodel in Sources */,
				616C2F422C1DA5C200F63BBA /* _024_NC2_A10_CoreMotionApp.swift in Sources */,
			);
			runOnlyForDeploymentPostprocessing = 0;
		};
/* End PBXSourcesBuildPhase section */

/* Begin PBXTargetDependency section */
		616C2F3F2C1DA5C200F63BBA /* PBXTargetDependency */ = {
			isa = PBXTargetDependency;
			target = 616C2F3B2C1DA5C200F63BBA /* 2024-NC2-A10-CoreMotion Watch App */;
			targetProxy = 616C2F3E2C1DA5C200F63BBA /* PBXContainerItemProxy */;
		};
/* End PBXTargetDependency section */

/* Begin XCBuildConfiguration section */
		616C2F4A2C1DA5C300F63BBA /* Debug */ = {
			isa = XCBuildConfiguration;
			buildSettings = {
				ALWAYS_SEARCH_USER_PATHS = NO;
				ASSETCATALOG_COMPILER_GENERATE_SWIFT_ASSET_SYMBOL_EXTENSIONS = YES;
				CLANG_ANALYZER_NONNULL = YES;
				CLANG_ANALYZER_NUMBER_OBJECT_CONVERSION = YES_AGGRESSIVE;
				CLANG_CXX_LANGUAGE_STANDARD = "gnu++20";
				CLANG_ENABLE_MODULES = YES;
				CLANG_ENABLE_OBJC_ARC = YES;
				CLANG_ENABLE_OBJC_WEAK = YES;
				CLANG_WARN_BLOCK_CAPTURE_AUTORELEASING = YES;
				CLANG_WARN_BOOL_CONVERSION = YES;
				CLANG_WARN_COMMA = YES;
				CLANG_WARN_CONSTANT_CONVERSION = YES;
				CLANG_WARN_DEPRECATED_OBJC_IMPLEMENTATIONS = YES;
				CLANG_WARN_DIRECT_OBJC_ISA_USAGE = YES_ERROR;
				CLANG_WARN_DOCUMENTATION_COMMENTS = YES;
				CLANG_WARN_EMPTY_BODY = YES;
				CLANG_WARN_ENUM_CONVERSION = YES;
				CLANG_WARN_INFINITE_RECURSION = YES;
				CLANG_WARN_INT_CONVERSION = YES;
				CLANG_WARN_NON_LITERAL_NULL_CONVERSION = YES;
				CLANG_WARN_OBJC_IMPLICIT_RETAIN_SELF = YES;
				CLANG_WARN_OBJC_LITERAL_CONVERSION = YES;
				CLANG_WARN_OBJC_ROOT_CLASS = YES_ERROR;
				CLANG_WARN_QUOTED_INCLUDE_IN_FRAMEWORK_HEADER = YES;
				CLANG_WARN_RANGE_LOOP_ANALYSIS = YES;
				CLANG_WARN_STRICT_PROTOTYPES = YES;
				CLANG_WARN_SUSPICIOUS_MOVE = YES;
				CLANG_WARN_UNGUARDED_AVAILABILITY = YES_AGGRESSIVE;
				CLANG_WARN_UNREACHABLE_CODE = YES;
				CLANG_WARN__DUPLICATE_METHOD_MATCH = YES;
				COPY_PHASE_STRIP = NO;
				DEBUG_INFORMATION_FORMAT = dwarf;
				ENABLE_STRICT_OBJC_MSGSEND = YES;
				ENABLE_TESTABILITY = YES;
				ENABLE_USER_SCRIPT_SANDBOXING = YES;
				GCC_C_LANGUAGE_STANDARD = gnu17;
				GCC_DYNAMIC_NO_PIC = NO;
				GCC_NO_COMMON_BLOCKS = YES;
				GCC_OPTIMIZATION_LEVEL = 0;
				GCC_PREPROCESSOR_DEFINITIONS = (
					"DEBUG=1",
					"$(inherited)",
				);
				GCC_WARN_64_TO_32_BIT_CONVERSION = YES;
				GCC_WARN_ABOUT_RETURN_TYPE = YES_ERROR;
				GCC_WARN_UNDECLARED_SELECTOR = YES;
				GCC_WARN_UNINITIALIZED_AUTOS = YES_AGGRESSIVE;
				GCC_WARN_UNUSED_FUNCTION = YES;
				GCC_WARN_UNUSED_VARIABLE = YES;
				LOCALIZATION_PREFERS_STRING_CATALOGS = YES;
				MTL_ENABLE_DEBUG_INFO = INCLUDE_SOURCE;
				MTL_FAST_MATH = YES;
				ONLY_ACTIVE_ARCH = YES;
				SWIFT_ACTIVE_COMPILATION_CONDITIONS = "DEBUG $(inherited)";
				SWIFT_OPTIMIZATION_LEVEL = "-Onone";
			};
			name = Debug;
		};
		616C2F4B2C1DA5C300F63BBA /* Release */ = {
			isa = XCBuildConfiguration;
			buildSettings = {
				ALWAYS_SEARCH_USER_PATHS = NO;
				ASSETCATALOG_COMPILER_GENERATE_SWIFT_ASSET_SYMBOL_EXTENSIONS = YES;
				CLANG_ANALYZER_NONNULL = YES;
				CLANG_ANALYZER_NUMBER_OBJECT_CONVERSION = YES_AGGRESSIVE;
				CLANG_CXX_LANGUAGE_STANDARD = "gnu++20";
				CLANG_ENABLE_MODULES = YES;
				CLANG_ENABLE_OBJC_ARC = YES;
				CLANG_ENABLE_OBJC_WEAK = YES;
				CLANG_WARN_BLOCK_CAPTURE_AUTORELEASING = YES;
				CLANG_WARN_BOOL_CONVERSION = YES;
				CLANG_WARN_COMMA = YES;
				CLANG_WARN_CONSTANT_CONVERSION = YES;
				CLANG_WARN_DEPRECATED_OBJC_IMPLEMENTATIONS = YES;
				CLANG_WARN_DIRECT_OBJC_ISA_USAGE = YES_ERROR;
				CLANG_WARN_DOCUMENTATION_COMMENTS = YES;
				CLANG_WARN_EMPTY_BODY = YES;
				CLANG_WARN_ENUM_CONVERSION = YES;
				CLANG_WARN_INFINITE_RECURSION = YES;
				CLANG_WARN_INT_CONVERSION = YES;
				CLANG_WARN_NON_LITERAL_NULL_CONVERSION = YES;
				CLANG_WARN_OBJC_IMPLICIT_RETAIN_SELF = YES;
				CLANG_WARN_OBJC_LITERAL_CONVERSION = YES;
				CLANG_WARN_OBJC_ROOT_CLASS = YES_ERROR;
				CLANG_WARN_QUOTED_INCLUDE_IN_FRAMEWORK_HEADER = YES;
				CLANG_WARN_RANGE_LOOP_ANALYSIS = YES;
				CLANG_WARN_STRICT_PROTOTYPES = YES;
				CLANG_WARN_SUSPICIOUS_MOVE = YES;
				CLANG_WARN_UNGUARDED_AVAILABILITY = YES_AGGRESSIVE;
				CLANG_WARN_UNREACHABLE_CODE = YES;
				CLANG_WARN__DUPLICATE_METHOD_MATCH = YES;
				COPY_PHASE_STRIP = NO;
				DEBUG_INFORMATION_FORMAT = "dwarf-with-dsym";
				ENABLE_NS_ASSERTIONS = NO;
				ENABLE_STRICT_OBJC_MSGSEND = YES;
				ENABLE_USER_SCRIPT_SANDBOXING = YES;
				GCC_C_LANGUAGE_STANDARD = gnu17;
				GCC_NO_COMMON_BLOCKS = YES;
				GCC_WARN_64_TO_32_BIT_CONVERSION = YES;
				GCC_WARN_ABOUT_RETURN_TYPE = YES_ERROR;
				GCC_WARN_UNDECLARED_SELECTOR = YES;
				GCC_WARN_UNINITIALIZED_AUTOS = YES_AGGRESSIVE;
				GCC_WARN_UNUSED_FUNCTION = YES;
				GCC_WARN_UNUSED_VARIABLE = YES;
				LOCALIZATION_PREFERS_STRING_CATALOGS = YES;
				MTL_ENABLE_DEBUG_INFO = NO;
				MTL_FAST_MATH = YES;
				SWIFT_COMPILATION_MODE = wholemodule;
			};
			name = Release;
		};
		616C2F4D2C1DA5C300F63BBA /* Debug */ = {
			isa = XCBuildConfiguration;
			buildSettings = {
				ASSETCATALOG_COMPILER_APPICON_NAME = AppIcon;
				ASSETCATALOG_COMPILER_GLOBAL_ACCENT_COLOR_NAME = AccentColor;
				CODE_SIGN_STYLE = Automatic;
				CURRENT_PROJECT_VERSION = 1;
				DEVELOPMENT_ASSET_PATHS = "\"2024-NC2-A10-CoreMotion Watch App/Preview Content\"";
				DEVELOPMENT_TEAM = 2J2UA8CPHM;
				ENABLE_PREVIEWS = YES;
				GENERATE_INFOPLIST_FILE = YES;
				INFOPLIST_KEY_CFBundleDisplayName = "2024-NC2-A10-CoreMotion";
				INFOPLIST_KEY_UISupportedInterfaceOrientations = "UIInterfaceOrientationPortrait UIInterfaceOrientationPortraitUpsideDown";
				INFOPLIST_KEY_WKCompanionAppBundleIdentifier = "com.nc2.coremotion.-024-NC2-A10-CoreMotion";
				LD_RUNPATH_SEARCH_PATHS = (
					"$(inherited)",
					"@executable_path/Frameworks",
				);
				MARKETING_VERSION = 1.0;
				PRODUCT_BUNDLE_IDENTIFIER = "com.nc2.coremotion.-024-NC2-A10-CoreMotion.watchkitapp";
				PRODUCT_NAME = "$(TARGET_NAME)";
				SDKROOT = watchos;
				SKIP_INSTALL = YES;
				SWIFT_EMIT_LOC_STRINGS = YES;
				SWIFT_VERSION = 5.0;
				TARGETED_DEVICE_FAMILY = 4;
				WATCHOS_DEPLOYMENT_TARGET = 10.5;
			};
			name = Debug;
		};
		616C2F4E2C1DA5C300F63BBA /* Release */ = {
			isa = XCBuildConfiguration;
			buildSettings = {
				ASSETCATALOG_COMPILER_APPICON_NAME = AppIcon;
				ASSETCATALOG_COMPILER_GLOBAL_ACCENT_COLOR_NAME = AccentColor;
				CODE_SIGN_STYLE = Automatic;
				CURRENT_PROJECT_VERSION = 1;
				DEVELOPMENT_ASSET_PATHS = "\"2024-NC2-A10-CoreMotion Watch App/Preview Content\"";
				DEVELOPMENT_TEAM = 2J2UA8CPHM;
				ENABLE_PREVIEWS = YES;
				GENERATE_INFOPLIST_FILE = YES;
				INFOPLIST_KEY_CFBundleDisplayName = "2024-NC2-A10-CoreMotion";
				INFOPLIST_KEY_UISupportedInterfaceOrientations = "UIInterfaceOrientationPortrait UIInterfaceOrientationPortraitUpsideDown";
				INFOPLIST_KEY_WKCompanionAppBundleIdentifier = "com.nc2.coremotion.-024-NC2-A10-CoreMotion";
				LD_RUNPATH_SEARCH_PATHS = (
					"$(inherited)",
					"@executable_path/Frameworks",
				);
				MARKETING_VERSION = 1.0;
				PRODUCT_BUNDLE_IDENTIFIER = "com.nc2.coremotion.-024-NC2-A10-CoreMotion.watchkitapp";
				PRODUCT_NAME = "$(TARGET_NAME)";
				SDKROOT = watchos;
				SKIP_INSTALL = YES;
				SWIFT_EMIT_LOC_STRINGS = YES;
				SWIFT_VERSION = 5.0;
				TARGETED_DEVICE_FAMILY = 4;
				VALIDATE_PRODUCT = YES;
				WATCHOS_DEPLOYMENT_TARGET = 10.5;
			};
			name = Release;
		};
		616C2F512C1DA5C300F63BBA /* Debug */ = {
			isa = XCBuildConfiguration;
			buildSettings = {
				ALWAYS_EMBED_SWIFT_STANDARD_LIBRARIES = YES;
				ASSETCATALOG_COMPILER_APPICON_NAME = AppIcon;
				ASSETCATALOG_COMPILER_GLOBAL_ACCENT_COLOR_NAME = AccentColor;
				CODE_SIGN_STYLE = Automatic;
				CURRENT_PROJECT_VERSION = 1;
				DEVELOPMENT_ASSET_PATHS = "\"2024-NC2-A10-CoreMotion/Preview Content\"";
				DEVELOPMENT_TEAM = 2J2UA8CPHM;
				ENABLE_PREVIEWS = YES;
				GENERATE_INFOPLIST_FILE = YES;
				INFOPLIST_KEY_CFBundleDisplayName = "2024-NC2-A10-CoreMotion";
				INFOPLIST_KEY_UIApplicationSceneManifest_Generation = YES;
				INFOPLIST_KEY_UIApplicationSupportsIndirectInputEvents = YES;
				INFOPLIST_KEY_UILaunchScreen_Generation = YES;
				INFOPLIST_KEY_UISupportedInterfaceOrientations_iPad = "UIInterfaceOrientationPortrait UIInterfaceOrientationPortraitUpsideDown UIInterfaceOrientationLandscapeLeft UIInterfaceOrientationLandscapeRight";
				INFOPLIST_KEY_UISupportedInterfaceOrientations_iPhone = "UIInterfaceOrientationPortrait UIInterfaceOrientationLandscapeLeft UIInterfaceOrientationLandscapeRight";
				IPHONEOS_DEPLOYMENT_TARGET = 17.5;
				LD_RUNPATH_SEARCH_PATHS = (
					"$(inherited)",
					"@executable_path/Frameworks",
				);
				MARKETING_VERSION = 1.0;
				PRODUCT_BUNDLE_IDENTIFIER = "com.nc2.coremotion.-024-NC2-A10-CoreMotion";
				PRODUCT_NAME = "$(TARGET_NAME)";
				SDKROOT = iphoneos;
				SWIFT_EMIT_LOC_STRINGS = YES;
				SWIFT_VERSION = 5.0;
				TARGETED_DEVICE_FAMILY = "1,2";
			};
			name = Debug;
		};
		616C2F522C1DA5C300F63BBA /* Release */ = {
			isa = XCBuildConfiguration;
			buildSettings = {
				ALWAYS_EMBED_SWIFT_STANDARD_LIBRARIES = YES;
				ASSETCATALOG_COMPILER_APPICON_NAME = AppIcon;
				ASSETCATALOG_COMPILER_GLOBAL_ACCENT_COLOR_NAME = AccentColor;
				CODE_SIGN_STYLE = Automatic;
				CURRENT_PROJECT_VERSION = 1;
				DEVELOPMENT_ASSET_PATHS = "\"2024-NC2-A10-CoreMotion/Preview Content\"";
				DEVELOPMENT_TEAM = 2J2UA8CPHM;
				ENABLE_PREVIEWS = YES;
				GENERATE_INFOPLIST_FILE = YES;
				INFOPLIST_KEY_CFBundleDisplayName = "2024-NC2-A10-CoreMotion";
				INFOPLIST_KEY_UIApplicationSceneManifest_Generation = YES;
				INFOPLIST_KEY_UIApplicationSupportsIndirectInputEvents = YES;
				INFOPLIST_KEY_UILaunchScreen_Generation = YES;
				INFOPLIST_KEY_UISupportedInterfaceOrientations_iPad = "UIInterfaceOrientationPortrait UIInterfaceOrientationPortraitUpsideDown UIInterfaceOrientationLandscapeLeft UIInterfaceOrientationLandscapeRight";
				INFOPLIST_KEY_UISupportedInterfaceOrientations_iPhone = "UIInterfaceOrientationPortrait UIInterfaceOrientationLandscapeLeft UIInterfaceOrientationLandscapeRight";
				IPHONEOS_DEPLOYMENT_TARGET = 17.5;
				LD_RUNPATH_SEARCH_PATHS = (
					"$(inherited)",
					"@executable_path/Frameworks",
				);
				MARKETING_VERSION = 1.0;
				PRODUCT_BUNDLE_IDENTIFIER = "com.nc2.coremotion.-024-NC2-A10-CoreMotion";
				PRODUCT_NAME = "$(TARGET_NAME)";
				SDKROOT = iphoneos;
				SWIFT_EMIT_LOC_STRINGS = YES;
				SWIFT_VERSION = 5.0;
				TARGETED_DEVICE_FAMILY = "1,2";
				VALIDATE_PRODUCT = YES;
			};
			name = Release;
		};
/* End XCBuildConfiguration section */

/* Begin XCConfigurationList section */
		616C2F272C1DA5C100F63BBA /* Build configuration list for PBXProject "2024-NC2-A10-CoreMotion" */ = {
			isa = XCConfigurationList;
			buildConfigurations = (
				616C2F4A2C1DA5C300F63BBA /* Debug */,
				616C2F4B2C1DA5C300F63BBA /* Release */,
			);
			defaultConfigurationIsVisible = 0;
			defaultConfigurationName = Release;
		};
		616C2F4C2C1DA5C300F63BBA /* Build configuration list for PBXNativeTarget "2024-NC2-A10-CoreMotion Watch App" */ = {
			isa = XCConfigurationList;
			buildConfigurations = (
				616C2F4D2C1DA5C300F63BBA /* Debug */,
				616C2F4E2C1DA5C300F63BBA /* Release */,
			);
			defaultConfigurationIsVisible = 0;
			defaultConfigurationName = Release;
		};
		616C2F502C1DA5C300F63BBA /* Build configuration list for PBXNativeTarget "2024-NC2-A10-CoreMotion" */ = {
			isa = XCConfigurationList;
			buildConfigurations = (
				616C2F512C1DA5C300F63BBA /* Debug */,
				616C2F522C1DA5C300F63BBA /* Release */,
			);
			defaultConfigurationIsVisible = 0;
			defaultConfigurationName = Release;
		};
/* End XCConfigurationList section */
	};
	rootObject = 616C2F242C1DA5C100F63BBA /* Project object */;
}
